
Microsoft Visual Studio Solution File, Format Version 12.00
# Visual Studio 15
VisualStudioVersion = 15.0.28010.2046
MinimumVisualStudioVersion = 10.0.40219.1
Project("{8BC9CEB8-8B4A-11D0-8D11-00A0C91BC942}") = "Exercici 3", "Exercici 3\Exercici 3.vcxproj", "{0F294F3D-598C-4996-953C-3B6C21C97CFF}"
EndProject
Global
	GlobalSection(SolutionConfigurationPlatforms) = preSolution
		Debug|x64 = Debug|x64
		Debug|x86 = Debug|x86
		Release|x64 = Release|x64
		Release|x86 = Release|x86
	EndGlobalSection
	GlobalSection(ProjectConfigurationPlatforms) = postSolution
		{0F294F3D-598C-4996-953C-3B6C21C97CFF}.Debug|x64.ActiveCfg = Debug|x64
		{0F294F3D-598C-4996-953C-3B6C21C97CFF}.Debug|x64.Build.0 = Debug|x64
		{0F294F3D-598C-4996-953C-3B6C21C97CFF}.Debug|x86.ActiveCfg = Debug|Win32
		{0F294F3D-598C-4996-953C-3B6C21C97CFF}.Debug|x86.Build.0 = Debug|Win32
		{0F294F3D-598C-4996-953C-3B6C21C97CFF}.Release|x64.ActiveCfg = Release|x64
		{0F294F3D-598C-4996-953C-3B6C21C97CFF}.Release|x64.Build.0 = Release|x64
		{0F294F3D-598C-4996-953C-3B6C21C97CFF}.Release|x86.ActiveCfg = Release|Win32
		{0F294F3D-598C-4996-953C-3B6C21C97CFF}.Release|x86.Build.0 = Release|Win32
	EndGlobalSection
	GlobalSection(SolutionProperties) = preSolution
		HideSolutionNode = FALSE
	EndGlobalSection
	GlobalSection(ExtensibilityGlobals) = postSolution
		SolutionGuid = {6F651842-02EF-48DC-B682-FF85A90D3C23}
	EndGlobalSection
EndGlobal
